// !$*UTF8*$!
{
	archiveVersion = 1;
	classes = {
	};
	objectVersion = 48;
	objects = {

/* Begin PBXBuildFile section */
		6951E1B42070D92D003E334A /* AppDelegate.swift in Sources */ = {isa = PBXBuildFile; fileRef = 6951E1B32070D92D003E334A /* AppDelegate.swift */; };
		6951E1B62070D92D003E334A /* ViewController.swift in Sources */ = {isa = PBXBuildFile; fileRef = 6951E1B52070D92D003E334A /* ViewController.swift */; };
		6951E1B92070D92D003E334A /* Main.storyboard in Resources */ = {isa = PBXBuildFile; fileRef = 6951E1B72070D92D003E334A /* Main.storyboard */; };
		6951E1BB2070D92D003E334A /* Assets.xcassets in Resources */ = {isa = PBXBuildFile; fileRef = 6951E1BA2070D92D003E334A /* Assets.xcassets */; };
		6951E1BE2070D92D003E334A /* LaunchScreen.storyboard in Resources */ = {isa = PBXBuildFile; fileRef = 6951E1BC2070D92D003E334A /* LaunchScreen.storyboard */; };
		6951E1C92070D92D003E334A /* Click_CounterTests.swift in Sources */ = {isa = PBXBuildFile; fileRef = 6951E1C82070D92D003E334A /* Click_CounterTests.swift */; };
		6951E1D42070D92D003E334A /* Click_CounterUITests.swift in Sources */ = {isa = PBXBuildFile; fileRef = 6951E1D32070D92D003E334A /* Click_CounterUITests.swift */; };
/* End PBXBuildFile section */

/* Begin PBXContainerItemProxy section */
		6951E1C52070D92D003E334A /* PBXContainerItemProxy */ = {
			isa = PBXContainerItemProxy;
			containerPortal = 6951E1A82070D92D003E334A /* Project object */;
			proxyType = 1;
			remoteGlobalIDString = 6951E1AF2070D92D003E334A;
			remoteInfo = "Click Counter";
		};
		6951E1D02070D92D003E334A /* PBXContainerItemProxy */ = {
			isa = PBXContainerItemProxy;
			containerPortal = 6951E1A82070D92D003E334A /* Project object */;
			proxyType = 1;
			remoteGlobalIDString = 6951E1AF2070D92D003E334A;
			remoteInfo = "Click Counter";
		};
/* End PBXContainerItemProxy section */

/* Begin PBXFileReference section */
		6951E1B02070D92D003E334A /* Click Counter.app */ = {isa = PBXFileReference; explicitFileType = wrapper.application; includeInIndex = 0; path = "Click Counter.app"; sourceTree = BUILT_PRODUCTS_DIR; };
		6951E1B32070D92D003E334A /* AppDelegate.swift */ = {isa = PBXFileReference; lastKnownFileType = sourcecode.swift; path = AppDelegate.swift; sourceTree = "<group>"; };
		6951E1B52070D92D003E334A /* ViewController.swift */ = {isa = PBXFileReference; lastKnownFileType = sourcecode.swift; path = ViewController.swift; sourceTree = "<group>"; };
		6951E1B82070D92D003E334A /* Base */ = {isa = PBXFileReference; lastKnownFileType = file.storyboard; name = Base; path = Base.lproj/Main.storyboard; sourceTree = "<group>"; };
		6951E1BA2070D92D003E334A /* Assets.xcassets */ = {isa = PBXFileReference; lastKnownFileType = folder.assetcatalog; path = Assets.xcassets; sourceTree = "<group>"; };
		6951E1BD2070D92D003E334A /* Base */ = {isa = PBXFileReference; lastKnownFileType = file.storyboard; name = Base; path = Base.lproj/LaunchScreen.storyboard; sourceTree = "<group>"; };
		6951E1BF2070D92D003E334A /* Info.plist */ = {isa = PBXFileReference; lastKnownFileType = text.plist.xml; path = Info.plist; sourceTree = "<group>"; };
		6951E1C42070D92D003E334A /* Click CounterTests.xctest */ = {isa = PBXFileReference; explicitFileType = wrapper.cfbundle; includeInIndex = 0; path = "Click CounterTests.xctest"; sourceTree = BUILT_PRODUCTS_DIR; };
		6951E1C82070D92D003E334A /* Click_CounterTests.swift */ = {isa = PBXFileReference; lastKnownFileType = sourcecode.swift; path = Click_CounterTests.swift; sourceTree = "<group>"; };
		6951E1CA2070D92D003E334A /* Info.plist */ = {isa = PBXFileReference; lastKnownFileType = text.plist.xml; path = Info.plist; sourceTree = "<group>"; };
		6951E1CF2070D92D003E334A /* Click CounterUITests.xctest */ = {isa = PBXFileReference; explicitFileType = wrapper.cfbundle; includeInIndex = 0; path = "Click CounterUITests.xctest"; sourceTree = BUILT_PRODUCTS_DIR; };
		6951E1D32070D92D003E334A /* Click_CounterUITests.swift */ = {isa = PBXFileReference; lastKnownFileType = sourcecode.swift; path = Click_CounterUITests.swift; sourceTree = "<group>"; };
		6951E1D52070D92D003E334A /* Info.plist */ = {isa = PBXFileReference; lastKnownFileType = text.plist.xml; path = Info.plist; sourceTree = "<group>"; };
/* End PBXFileReference section */

/* Begin PBXFrameworksBuildPhase section */
		6951E1AD2070D92D003E334A /* Frameworks */ = {
			isa = PBXFrameworksBuildPhase;
			buildActionMask = 2147483647;
			files = (
			);
			runOnlyForDeploymentPostprocessing = 0;
		};
		6951E1C12070D92D003E334A /* Frameworks */ = {
			isa = PBXFrameworksBuildPhase;
			buildActionMask = 2147483647;
			files = (
			);
			runOnlyForDeploymentPostprocessing = 0;
		};
		6951E1CC2070D92D003E334A /* Frameworks */ = {
			isa = PBXFrameworksBuildPhase;
			buildActionMask = 2147483647;
			files = (
			);
			runOnlyForDeploymentPostprocessing = 0;
		};
/* End PBXFrameworksBuildPhase section */

/* Begin PBXGroup section */
		6951E1A72070D92D003E334A = {
			isa = PBXGroup;
			children = (
				6951E1B22070D92D003E334A /* Click Counter */,
				6951E1C72070D92D003E334A /* Click CounterTests */,
				6951E1D22070D92D003E334A /* Click CounterUITests */,
				6951E1B12070D92D003E334A /* Products */,
			);
			sourceTree = "<group>";
		};
		6951E1B12070D92D003E334A /* Products */ = {
			isa = PBXGroup;
			children = (
				6951E1B02070D92D003E334A /* Click Counter.app */,
				6951E1C42070D92D003E334A /* Click CounterTests.xctest */,
				6951E1CF2070D92D003E334A /* Click CounterUITests.xctest */,
			);
			name = Products;
			sourceTree = "<group>";
		};
		6951E1B22070D92D003E334A /* Click Counter */ = {
			isa = PBXGroup;
			children = (
				6951E1B32070D92D003E334A /* AppDelegate.swift */,
				6951E1B52070D92D003E334A /* ViewController.swift */,
				6951E1B72070D92D003E334A /* Main.storyboard */,
				6951E1BA2070D92D003E334A /* Assets.xcassets */,
				6951E1BC2070D92D003E334A /* LaunchScreen.storyboard */,
				6951E1BF2070D92D003E334A /* Info.plist */,
			);
			path = "Click Counter";
			sourceTree = "<group>";
		};
		6951E1C72070D92D003E334A /* Click CounterTests */ = {
			isa = PBXGroup;
			children = (
				6951E1C82070D92D003E334A /* Click_CounterTests.swift */,
				6951E1CA2070D92D003E334A /* Info.plist */,
			);
			path = "Click CounterTests";
			sourceTree = "<group>";
		};
		6951E1D22070D92D003E334A /* Click CounterUITests */ = {
			isa = PBXGroup;
			children = (
				6951E1D32070D92D003E334A /* Click_CounterUITests.swift */,
				6951E1D52070D92D003E334A /* Info.plist */,
			);
			path = "Click CounterUITests";
			sourceTree = "<group>";
		};
/* End PBXGroup section */

/* Begin PBXNativeTarget section */
		6951E1AF2070D92D003E334A /* Click Counter */ = {
			isa = PBXNativeTarget;
			buildConfigurationList = 6951E1D82070D92D003E334A /* Build configuration list for PBXNativeTarget "Click Counter" */;
			buildPhases = (
				6951E1AC2070D92D003E334A /* Sources */,
				6951E1AD2070D92D003E334A /* Frameworks */,
				6951E1AE2070D92D003E334A /* Resources */,
			);
			buildRules = (
			);
			dependencies = (
			);
			name = "Click Counter";
			productName = "Click Counter";
			productReference = 6951E1B02070D92D003E334A /* Click Counter.app */;
			productType = "com.apple.product-type.application";
		};
		6951E1C32070D92D003E334A /* Click CounterTests */ = {
			isa = PBXNativeTarget;
			buildConfigurationList = 6951E1DB2070D92D003E334A /* Build configuration list for PBXNativeTarget "Click CounterTests" */;
			buildPhases = (
				6951E1C02070D92D003E334A /* Sources */,
				6951E1C12070D92D003E334A /* Frameworks */,
				6951E1C22070D92D003E334A /* Resources */,
			);
			buildRules = (
			);
			dependencies = (
				6951E1C62070D92D003E334A /* PBXTargetDependency */,
			);
			name = "Click CounterTests";
			productName = "Click CounterTests";
			productReference = 6951E1C42070D92D003E334A /* Click CounterTests.xctest */;
			productType = "com.apple.product-type.bundle.unit-test";
		};
		6951E1CE2070D92D003E334A /* Click CounterUITests */ = {
			isa = PBXNativeTarget;
			buildConfigurationList = 6951E1DE2070D92D003E334A /* Build configuration list for PBXNativeTarget "Click CounterUITests" */;
			buildPhases = (
				6951E1CB2070D92D003E334A /* Sources */,
				6951E1CC2070D92D003E334A /* Frameworks */,
				6951E1CD2070D92D003E334A /* Resources */,
			);
			buildRules = (
			);
			dependencies = (
				6951E1D12070D92D003E334A /* PBXTargetDependency */,
			);
			name = "Click CounterUITests";
			productName = "Click CounterUITests";
			productReference = 6951E1CF2070D92D003E334A /* Click CounterUITests.xctest */;
			productType = "com.apple.product-type.bundle.ui-testing";
		};
/* End PBXNativeTarget section */

/* Begin PBXProject section */
		6951E1A82070D92D003E334A /* Project object */ = {
			isa = PBXProject;
			attributes = {
				LastSwiftUpdateCheck = 0920;
				LastUpgradeCheck = 0920;
				ORGANIZATIONNAME = Telwest;
				TargetAttributes = {
					6951E1AF2070D92D003E334A = {
						CreatedOnToolsVersion = 9.2;
						ProvisioningStyle = Automatic;
					};
					6951E1C32070D92D003E334A = {
						CreatedOnToolsVersion = 9.2;
						ProvisioningStyle = Automatic;
						TestTargetID = 6951E1AF2070D92D003E334A;
					};
					6951E1CE2070D92D003E334A = {
						CreatedOnToolsVersion = 9.2;
						ProvisioningStyle = Automatic;
						TestTargetID = 6951E1AF2070D92D003E334A;
					};
				};
			};
			buildConfigurationList = 6951E1AB2070D92D003E334A /* Build configuration list for PBXProject "Click Counter" */;
			compatibilityVersion = "Xcode 8.0";
			developmentRegion = en;
			hasScannedForEncodings = 0;
			knownRegions = (
				en,
				Base,
			);
			mainGroup = 6951E1A72070D92D003E334A;
			productRefGroup = 6951E1B12070D92D003E334A /* Products */;
			projectDirPath = "";
			projectRoot = "";
			targets = (
				6951E1AF2070D92D003E334A /* Click Counter */,
				6951E1C32070D92D003E334A /* Click CounterTests */,
				6951E1CE2070D92D003E334A /* Click CounterUITests */,
			);
		};
/* End PBXProject section */

/* Begin PBXResourcesBuildPhase section */
		6951E1AE2070D92D003E334A /* Resources */ = {
			isa = PBXResourcesBuildPhase;
			buildActionMask = 2147483647;
			files = (
				6951E1BE2070D92D003E334A /* LaunchScreen.storyboard in Resources */,
				6951E1BB2070D92D003E334A /* Assets.xcassets in Resources */,
				6951E1B92070D92D003E334A /* Main.storyboard in Resources */,
			);
			runOnlyForDeploymentPostprocessing = 0;
		};
		6951E1C22070D92D003E334A /* Resources */ = {
			isa = PBXResourcesBuildPhase;
			buildActionMask = 2147483647;
			files = (
			);
			runOnlyForDeploymentPostprocessing = 0;
		};
		6951E1CD2070D92D003E334A /* Resources */ = {
			isa = PBXResourcesBuildPhase;
			buildActionMask = 2147483647;
			files = (
			);
			runOnlyForDeploymentPostprocessing = 0;
		};
/* End PBXResourcesBuildPhase section */

/* Begin PBXSourcesBuildPhase section */
		6951E1AC2070D92D003E334A /* Sources */ = {
			isa = PBXSourcesBuildPhase;
			buildActionMask = 2147483647;
			files = (
				6951E1B62070D92D003E334A /* ViewController.swift in Sources */,
				6951E1B42070D92D003E334A /* AppDelegate.swift in Sources */,
			);
			runOnlyForDeploymentPostprocessing = 0;
		};
		6951E1C02070D92D003E334A /* Sources */ = {
			isa = PBXSourcesBuildPhase;
			buildActionMask = 2147483647;
			files = (
				6951E1C92070D92D003E334A /* Click_CounterTests.swift in Sources */,
			);
			runOnlyForDeploymentPostprocessing = 0;
		};
		6951E1CB2070D92D003E334A /* Sources */ = {
			isa = PBXSourcesBuildPhase;
			buildActionMask = 2147483647;
			files = (
				6951E1D42070D92D003E334A /* Click_CounterUITests.swift in Sources */,
			);
			runOnlyForDeploymentPostprocessing = 0;
		};
/* End PBXSourcesBuildPhase section */

/* Begin PBXTargetDependency section */
		6951E1C62070D92D003E334A /* PBXTargetDependency */ = {
			isa = PBXTargetDependency;
			target = 6951E1AF2070D92D003E334A /* Click Counter */;
			targetProxy = 6951E1C52070D92D003E334A /* PBXContainerItemProxy */;
		};
		6951E1D12070D92D003E334A /* PBXTargetDependency */ = {
			isa = PBXTargetDependency;
			target = 6951E1AF2070D92D003E334A /* Click Counter */;
			targetProxy = 6951E1D02070D92D003E334A /* PBXContainerItemProxy */;
		};
/* End PBXTargetDependency section */

/* Begin PBXVariantGroup section */
		6951E1B72070D92D003E334A /* Main.storyboard */ = {
			isa = PBXVariantGroup;
			children = (
				6951E1B82070D92D003E334A /* Base */,
			);
			name = Main.storyboard;
			sourceTree = "<group>";
		};
		6951E1BC2070D92D003E334A /* LaunchScreen.storyboard */ = {
			isa = PBXVariantGroup;
			children = (
				6951E1BD2070D92D003E334A /* Base */,
			);
			name = LaunchScreen.storyboard;
			sourceTree = "<group>";
		};
/* End PBXVariantGroup section */

/* Begin XCBuildConfiguration section */
		6951E1D62070D92D003E334A /* Debug */ = {
			isa = XCBuildConfiguration;
			buildSettings = {
				ALWAYS_SEARCH_USER_PATHS = NO;
				CLANG_ANALYZER_NONNULL = YES;
				CLANG_ANALYZER_NUMBER_OBJECT_CONVERSION = YES_AGGRESSIVE;
				CLANG_CXX_LANGUAGE_STANDARD = "gnu++14";
				CLANG_CXX_LIBRARY = "libc++";
				CLANG_ENABLE_MODULES = YES;
				CLANG_ENABLE_OBJC_ARC = YES;
				CLANG_WARN_BLOCK_CAPTURE_AUTORELEASING = YES;
				CLANG_WARN_BOOL_CONVERSION = YES;
				CLANG_WARN_COMMA = YES;
				CLANG_WARN_CONSTANT_CONVERSION = YES;
				CLANG_WARN_DIRECT_OBJC_ISA_USAGE = YES_ERROR;
				CLANG_WARN_DOCUMENTATION_COMMENTS = YES;
				CLANG_WARN_EMPTY_BODY = YES;
				CLANG_WARN_ENUM_CONVERSION = YES;
				CLANG_WARN_INFINITE_RECURSION = YES;
				CLANG_WARN_INT_CONVERSION = YES;
				CLANG_WARN_NON_LITERAL_NULL_CONVERSION = YES;
				CLANG_WARN_OBJC_LITERAL_CONVERSION = YES;
				CLANG_WARN_OBJC_ROOT_CLASS = YES_ERROR;
				CLANG_WARN_RANGE_LOOP_ANALYSIS = YES;
				CLANG_WARN_STRICT_PROTOTYPES = YES;
				CLANG_WARN_SUSPICIOUS_MOVE = YES;
				CLANG_WARN_UNGUARDED_AVAILABILITY = YES_AGGRESSIVE;
				CLANG_WARN_UNREACHABLE_CODE = YES;
				CLANG_WARN__DUPLICATE_METHOD_MATCH = YES;
				CODE_SIGN_IDENTITY = "iPhone Developer";
				COPY_PHASE_STRIP = NO;
				DEBUG_INFORMATION_FORMAT = dwarf;
				ENABLE_STRICT_OBJC_MSGSEND = YES;
				ENABLE_TESTABILITY = YES;
				GCC_C_LANGUAGE_STANDARD = gnu11;
				GCC_DYNAMIC_NO_PIC = NO;
				GCC_NO_COMMON_BLOCKS = YES;
				GCC_OPTIMIZATION_LEVEL = 0;
				GCC_PREPROCESSOR_DEFINITIONS = (
					"DEBUG=1",
					"$(inherited)",
				);
				GCC_WARN_64_TO_32_BIT_CONVERSION = YES;
				GCC_WARN_ABOUT_RETURN_TYPE = YES_ERROR;
				GCC_WARN_UNDECLARED_SELECTOR = YES;
				GCC_WARN_UNINITIALIZED_AUTOS = YES_AGGRESSIVE;
				GCC_WARN_UNUSED_FUNCTION = YES;
				GCC_WARN_UNUSED_VARIABLE = YES;
				IPHONEOS_DEPLOYMENT_TARGET = 11.2;
				MTL_ENABLE_DEBUG_INFO = YES;
				ONLY_ACTIVE_ARCH = YES;
				SDKROOT = iphoneos;
				SWIFT_ACTIVE_COMPILATION_CONDITIONS = DEBUG;
				SWIFT_OPTIMIZATION_LEVEL = "-Onone";
			};
			name = Debug;
		};
		6951E1D72070D92D003E334A /* Release */ = {
			isa = XCBuildConfiguration;
			buildSettings = {
				ALWAYS_SEARCH_USER_PATHS = NO;
				CLANG_ANALYZER_NONNULL = YES;
				CLANG_ANALYZER_NUMBER_OBJECT_CONVERSION = YES_AGGRESSIVE;
				CLANG_CXX_LANGUAGE_STANDARD = "gnu++14";
				CLANG_CXX_LIBRARY = "libc++";
				CLANG_ENABLE_MODULES = YES;
				CLANG_ENABLE_OBJC_ARC = YES;
				CLANG_WARN_BLOCK_CAPTURE_AUTORELEASING = YES;
				CLANG_WARN_BOOL_CONVERSION = YES;
				CLANG_WARN_COMMA = YES;
				CLANG_WARN_CONSTANT_CONVERSION = YES;
				CLANG_WARN_DIRECT_OBJC_ISA_USAGE = YES_ERROR;
				CLANG_WARN_DOCUMENTATION_COMMENTS = YES;
				CLANG_WARN_EMPTY_BODY = YES;
				CLANG_WARN_ENUM_CONVERSION = YES;
				CLANG_WARN_INFINITE_RECURSION = YES;
				CLANG_WARN_INT_CONVERSION = YES;
				CLANG_WARN_NON_LITERAL_NULL_CONVERSION = YES;
				CLANG_WARN_OBJC_LITERAL_CONVERSION = YES;
				CLANG_WARN_OBJC_ROOT_CLASS = YES_ERROR;
				CLANG_WARN_RANGE_LOOP_ANALYSIS = YES;
				CLANG_WARN_STRICT_PROTOTYPES = YES;
				CLANG_WARN_SUSPICIOUS_MOVE = YES;
				CLANG_WARN_UNGUARDED_AVAILABILITY = YES_AGGRESSIVE;
				CLANG_WARN_UNREACHABLE_CODE = YES;
				CLANG_WARN__DUPLICATE_METHOD_MATCH = YES;
				CODE_SIGN_IDENTITY = "iPhone Developer";
				COPY_PHASE_STRIP = NO;
				DEBUG_INFORMATION_FORMAT = "dwarf-with-dsym";
				ENABLE_NS_ASSERTIONS = NO;
				ENABLE_STRICT_OBJC_MSGSEND = YES;
				GCC_C_LANGUAGE_STANDARD = gnu11;
				GCC_NO_COMMON_BLOCKS = YES;
				GCC_WARN_64_TO_32_BIT_CONVERSION = YES;
				GCC_WARN_ABOUT_RETURN_TYPE = YES_ERROR;
				GCC_WARN_UNDECLARED_SELECTOR = YES;
				GCC_WARN_UNINITIALIZED_AUTOS = YES_AGGRESSIVE;
				GCC_WARN_UNUSED_FUNCTION = YES;
				GCC_WARN_UNUSED_VARIABLE = YES;
				IPHONEOS_DEPLOYMENT_TARGET = 11.2;
				MTL_ENABLE_DEBUG_INFO = NO;
				SDKROOT = iphoneos;
				SWIFT_OPTIMIZATION_LEVEL = "-Owholemodule";
				VALIDATE_PRODUCT = YES;
			};
			name = Release;
		};
		6951E1D92070D92D003E334A /* Debug */ = {
			isa = XCBuildConfiguration;
			buildSettings = {
				ASSETCATALOG_COMPILER_APPICON_NAME = AppIcon;
				CODE_SIGN_STYLE = Automatic;
				DEVELOPMENT_TEAM = CBP94JJTYX;
				INFOPLIST_FILE = "Click Counter/Info.plist";
				LD_RUNPATH_SEARCH_PATHS = "$(inherited) @executable_path/Frameworks";
				PRODUCT_BUNDLE_IDENTIFIER = "com.telwest.Click-Counter";
				PRODUCT_NAME = "$(TARGET_NAME)";
				SWIFT_VERSION = 4.0;
				TARGETED_DEVICE_FAMILY = "1,2";
			};
			name = Debug;
		};
		6951E1DA2070D92D003E334A /* Release */ = {
			isa = XCBuildConfiguration;
			buildSettings = {
				ASSETCATALOG_COMPILER_APPICON_NAME = AppIcon;
				CODE_SIGN_STYLE = Automatic;
				DEVELOPMENT_TEAM = CBP94JJTYX;
				INFOPLIST_FILE = "Click Counter/Info.plist";
				LD_RUNPATH_SEARCH_PATHS = "$(inherited) @executable_path/Frameworks";
				PRODUCT_BUNDLE_IDENTIFIER = "com.telwest.Click-Counter";
				PRODUCT_NAME = "$(TARGET_NAME)";
				SWIFT_VERSION = 4.0;
				TARGETED_DEVICE_FAMILY = "1,2";
			};
			name = Release;
		};
		6951E1DC2070D92D003E334A /* Debug */ = {
			isa = XCBuildConfiguration;
			buildSettings = {
				ALWAYS_EMBED_SWIFT_STANDARD_LIBRARIES = YES;
				BUNDLE_LOADER = "$(TEST_HOST)";
				CODE_SIGN_STYLE = Automatic;
				DEVELOPMENT_TEAM = CBP94JJTYX;
				INFOPLIST_FILE = "Click CounterTests/Info.plist";
				LD_RUNPATH_SEARCH_PATHS = "$(inherited) @executable_path/Frameworks @loader_path/Frameworks";
				PRODUCT_BUNDLE_IDENTIFIER = "com.telwest.Click-CounterTests";
				PRODUCT_NAME = "$(TARGET_NAME)";
				SWIFT_VERSION = 4.0;
				TARGETED_DEVICE_FAMILY = "1,2";
				TEST_HOST = "$(BUILT_PRODUCTS_DIR)/Click Counter.app/Click Counter";
			};
			name = Debug;
		};
		6951E1DD2070D92D003E334A /* Release */ = {
			isa = XCBuildConfiguration;
			buildSettings = {
				ALWAYS_EMBED_SWIFT_STANDARD_LIBRARIES = YES;
				BUNDLE_LOADER = "$(TEST_HOST)";
				CODE_SIGN_STYLE = Automatic;
				DEVELOPMENT_TEAM = CBP94JJTYX;
				INFOPLIST_FILE = "Click CounterTests/Info.plist";
				LD_RUNPATH_SEARCH_PATHS = "$(inherited) @executable_path/Frameworks @loader_path/Frameworks";
				PRODUCT_BUNDLE_IDENTIFIER = "com.telwest.Click-CounterTests";
				PRODUCT_NAME = "$(TARGET_NAME)";
				SWIFT_VERSION = 4.0;
				TARGETED_DEVICE_FAMILY = "1,2";
				TEST_HOST = "$(BUILT_PRODUCTS_DIR)/Click Counter.app/Click Counter";
			};
			name = Release;
		};
		6951E1DF2070D92D003E334A /* Debug */ = {
			isa = XCBuildConfiguration;
			buildSettings = {
				ALWAYS_EMBED_SWIFT_STANDARD_LIBRARIES = YES;
				CODE_SIGN_STYLE = Automatic;
				DEVELOPMENT_TEAM = CBP94JJTYX;
				INFOPLIST_FILE = "Click CounterUITests/Info.plist";
				LD_RUNPATH_SEARCH_PATHS = "$(inherited) @executable_path/Frameworks @loader_path/Frameworks";
				PRODUCT_BUNDLE_IDENTIFIER = "com.telwest.Click-CounterUITests";
				PRODUCT_NAME = "$(TARGET_NAME)";
				SWIFT_VERSION = 4.0;
				TARGETED_DEVICE_FAMILY = "1,2";
				TEST_TARGET_NAME = "Click Counter";
			};
			name = Debug;
		};
		6951E1E02070D92D003E334A /* Release */ = {
			isa = XCBuildConfiguration;
			buildSettings = {
				ALWAYS_EMBED_SWIFT_STANDARD_LIBRARIES = YES;
				CODE_SIGN_STYLE = Automatic;
				DEVELOPMENT_TEAM = CBP94JJTYX;
				INFOPLIST_FILE = "Click CounterUITests/Info.plist";
				LD_RUNPATH_SEARCH_PATHS = "$(inherited) @executable_path/Frameworks @loader_path/Frameworks";
				PRODUCT_BUNDLE_IDENTIFIER = "com.telwest.Click-CounterUITests";
				PRODUCT_NAME = "$(TARGET_NAME)";
				SWIFT_VERSION = 4.0;
				TARGETED_DEVICE_FAMILY = "1,2";
				TEST_TARGET_NAME = "Click Counter";
			};
			name = Release;
		};
/* End XCBuildConfiguration section */

/* Begin XCConfigurationList section */
		6951E1AB2070D92D003E334A /* Build configuration list for PBXProject "Click Counter" */ = {
			isa = XCConfigurationList;
			buildConfigurations = (
				6951E1D62070D92D003E334A /* Debug */,
				6951E1D72070D92D003E334A /* Release */,
			);
			defaultConfigurationIsVisible = 0;
			defaultConfigurationName = Release;
		};
		6951E1D82070D92D003E334A /* Build configuration list for PBXNativeTarget "Click Counter" */ = {
			isa = XCConfigurationList;
			buildConfigurations = (
				6951E1D92070D92D003E334A /* Debug */,
				6951E1DA2070D92D003E334A /* Release */,
			);
			defaultConfigurationIsVisible = 0;
			defaultConfigurationName = Release;
		};
		6951E1DB2070D92D003E334A /* Build configuration list for PBXNativeTarget "Click CounterTests" */ = {
			isa = XCConfigurationList;
			buildConfigurations = (
				6951E1DC2070D92D003E334A /* Debug */,
				6951E1DD2070D92D003E334A /* Release */,
			);
			defaultConfigurationIsVisible = 0;
			defaultConfigurationName = Release;
		};
		6951E1DE2070D92D003E334A /* Build configuration list for PBXNativeTarget "Click CounterUITests" */ = {
			isa = XCConfigurationList;
			buildConfigurations = (
				6951E1DF2070D92D003E334A /* Debug */,
				6951E1E02070D92D003E334A /* Release */,
			);
			defaultConfigurationIsVisible = 0;
			defaultConfigurationName = Release;
		};
/* End XCConfigurationList section */
	};
	rootObject = 6951E1A82070D92D003E334A /* Project object */;
}
